
Microsoft Visual Studio Solution File, Format Version 12.00
# Visual Studio Version 17
VisualStudioVersion = 17.7.34221.43
MinimumVisualStudioVersion = 10.0.40219.1
Project("{9A19103F-16F7-4668-BE54-9A1E7A4F7556}") = "TaskoCapstone", "TaskoCapstone\TaskoCapstone.csproj", "{409D3961-7FA7-4B63-9B48-61D6DF70CCB0}"
EndProject
Global
	GlobalSection(SolutionConfigurationPlatforms) = preSolution
		Debug|Any CPU = Debug|Any CPU
		Release|Any CPU = Release|Any CPU
	EndGlobalSection
	GlobalSection(ProjectConfigurationPlatforms) = postSolution
		{409D3961-7FA7-4B63-9B48-61D6DF70CCB0}.Debug|Any CPU.ActiveCfg = Debug|Any CPU
		{409D3961-7FA7-4B63-9B48-61D6DF70CCB0}.Debug|Any CPU.Build.0 = Debug|Any CPU
		{409D3961-7FA7-4B63-9B48-61D6DF70CCB0}.Release|Any CPU.ActiveCfg = Release|Any CPU
		{409D3961-7FA7-4B63-9B48-61D6DF70CCB0}.Release|Any CPU.Build.0 = Release|Any CPU
	EndGlobalSection
	GlobalSection(SolutionProperties) = preSolution
		HideSolutionNode = FALSE
	EndGlobalSection
	GlobalSection(ExtensibilityGlobals) = postSolution
		SolutionGuid = {41AD4F4B-D624-4818-8ADD-5597DEBEAE01}
	EndGlobalSection
EndGlobal
